# generated by rye
# use `rye lock` or `rye sync` to update this lockfile
#
# last locked with the following flags:
#   pre: false
#   features: []
#   all-features: false
#   with-sources: false

-e file:.
annotated-types==0.6.0
    # via pydantic
asttokens==2.4.1
    # via icontract
attrs==23.2.0
    # via hypothesis
deal==4.24.3
    # via contract-programming-test
hypothesis==6.99.5
    # via contract-programming-test
icontract==2.6.6
    # via contract-programming-test
iniconfig==2.0.0
    # via pytest
packaging==24.0
    # via pytest
pluggy==1.4.0
    # via pytest
pydantic==2.6.4
    # via contract-programming-test
pydantic-core==2.16.3
    # via pydantic
pytest==8.1.1
    # via contract-programming-test
six==1.16.0
    # via asttokens
sortedcontainers==2.4.0
    # via hypothesis
typing-extensions==4.10.0
    # via icontract
    # via pydantic
    # via pydantic-core
