# generated by rye
# use `rye lock` or `rye sync` to update this lockfile
#
# last locked with the following flags:
#   pre: false
#   features: []
#   all-features: false
#   with-sources: false

-e file:.
annotated-types==0.6.0
    # via pydantic
astroid==3.1.0
    # via deal
    # via deal-solver
asttokens==2.4.1
    # via icontract
attrs==23.2.0
    # via hypothesis
certifi==2024.2.2
    # via requests
charset-normalizer==3.3.2
    # via requests
coverage==7.4.3
    # via contract-programming-test
deal @ file:///Users/max/Documents/contract_programming_test/deal-4.24.3-py3-none-any.whl
    # via contract-programming-test
deal-solver==0.1.2
    # via deal
docutils==0.20.1
    # via flit
flit==3.9.0
    # via deal
flit-core==3.9.0
    # via flit
hypothesis==6.99.5
    # via contract-programming-test
    # via deal
    # via icontract-hypothesis
icontract==2.6.6
    # via contract-programming-test
    # via icontract-hypothesis
icontract-hypothesis==1.1.7
    # via contract-programming-test
idna==3.6
    # via requests
iniconfig==2.0.0
    # via pytest
packaging==24.0
    # via pytest
pluggy==1.4.0
    # via pytest
pydantic==2.6.4
    # via contract-programming-test
pydantic-core==2.16.3
    # via pydantic
pygments==2.17.2
    # via deal
pytest==8.1.1
    # via contract-programming-test
requests==2.31.0
    # via flit
six==1.16.0
    # via asttokens
sortedcontainers==2.4.0
    # via hypothesis
tomli-w==1.0.0
    # via flit
typeguard==4.1.5
    # via deal
typing-extensions==4.10.0
    # via icontract
    # via pydantic
    # via pydantic-core
urllib3==2.2.1
    # via requests
vaa==0.2.1
    # via deal
z3-solver==4.13.0.0
    # via deal-solver
